
Microsoft Visual Studio Solution File, Format Version 12.00
# Visual Studio Version 16
VisualStudioVersion = 25.0.1700.7
MinimumVisualStudioVersion = 10.0.40219.1
Project("{FAE04EC0-301F-11D3-BF4B-00C04F79EFBC}") = "curupacoApi", "curupacoApi\curupacoApi.csproj", "{74F1580E-AC40-41B2-8CF5-81F29E3ED5D5}"
EndProject
Global
	GlobalSection(SolutionConfigurationPlatforms) = preSolution
		Debug|Any CPU = Debug|Any CPU
		Release|Any CPU = Release|Any CPU
	EndGlobalSection
	GlobalSection(ProjectConfigurationPlatforms) = postSolution
		{74F1580E-AC40-41B2-8CF5-81F29E3ED5D5}.Debug|Any CPU.ActiveCfg = Debug|Any CPU
		{74F1580E-AC40-41B2-8CF5-81F29E3ED5D5}.Debug|Any CPU.Build.0 = Debug|Any CPU
		{74F1580E-AC40-41B2-8CF5-81F29E3ED5D5}.Release|Any CPU.ActiveCfg = Release|Any CPU
		{74F1580E-AC40-41B2-8CF5-81F29E3ED5D5}.Release|Any CPU.Build.0 = Release|Any CPU
	EndGlobalSection
	GlobalSection(SolutionProperties) = preSolution
		HideSolutionNode = FALSE
	EndGlobalSection
	GlobalSection(ExtensibilityGlobals) = postSolution
		SolutionGuid = {B78DF395-7A69-40BF-9534-DF75998D5967}
	EndGlobalSection
EndGlobal
